# This file is automatically @generated by Cargo.
# It is not intended for manual editing.
[[package]]
name = "anstyle"
version = "1.0.11"
source = "registry+https://github.com/rust-lang/crates.io-index"
checksum = "862ed96ca487e809f1c8e5a8447f6ee2cf102f846893800b20cebdf541fc6bbd"

[[package]]
name = "byte"
version = "0.2.7"
source = "registry+https://github.com/rust-lang/crates.io-index"
checksum = "21c7ab3e4ae80853c7f8dcdcd904dfa25c02cc373534b8d165194325a088a7cc"

[[package]]
name = "byteorder"
version = "1.4.3"
source = "registry+https://github.com/rust-lang/crates.io-index"
checksum = "14c189c53d098945499cdfa7ecc63567cf3886b3332b312a5b4585d8d3a6a610"

[[package]]
name = "cfg-if"
version = "1.0.1"
source = "registry+https://github.com/rust-lang/crates.io-index"
checksum = "9555578bc9e57714c812a1f84e4fc5b4d21fcb063490c624de019f7464c91268"

[[package]]
name = "downcast"
version = "0.11.0"
source = "registry+https://github.com/rust-lang/crates.io-index"
checksum = "1435fa1053d8b2fbbe9be7e97eca7f33d37b28409959813daefc1446a14247f1"

[[package]]
name = "embedded-storage"
version = "0.3.1"
source = "registry+https://github.com/rust-lang/crates.io-index"
checksum = "a21dea9854beb860f3062d10228ce9b976da520a73474aed3171ec276bc0c032"

[[package]]
name = "fragile"
version = "2.0.1"
source = "registry+https://github.com/rust-lang/crates.io-index"
checksum = "28dd6caf6059519a65843af8fe2a3ae298b14b80179855aeb4adc2c1934ee619"

[[package]]
name = "hash32"
version = "0.3.1"
source = "registry+https://github.com/rust-lang/crates.io-index"
checksum = "47d60b12902ba28e2730cd37e95b8c9223af2808df9e902d4df49588d1470606"
dependencies = [
 "byteorder",
]

[[package]]
name = "heapless"
version = "0.8.0"
source = "registry+https://github.com/rust-lang/crates.io-index"
checksum = "0bfb9eb618601c89945a70e254898da93b13be0388091d42117462b265bb3fad"
dependencies = [
 "hash32",
 "stable_deref_trait",
]

[[package]]
name = "log"
version = "0.4.27"
source = "registry+https://github.com/rust-lang/crates.io-index"
checksum = "13dc2df351e3202783a1fe0d44375f7295ffb4049267b0f3018346dc122a1d94"

[[package]]
name = "mockall"
version = "0.13.1"
source = "registry+https://github.com/rust-lang/crates.io-index"
checksum = "39a6bfcc6c8c7eed5ee98b9c3e33adc726054389233e201c95dab2d41a3839d2"
dependencies = [
 "cfg-if",
 "downcast",
 "fragile",
 "mockall_derive",
 "predicates",
 "predicates-tree",
]

[[package]]
name = "mockall_derive"
version = "0.13.1"
source = "registry+https://github.com/rust-lang/crates.io-index"
checksum = "25ca3004c2efe9011bd4e461bd8256445052b9615405b4f7ea43fc8ca5c20898"
dependencies = [
 "cfg-if",
 "proc-macro2",
 "quote",
 "syn",
]

[[package]]
name = "predicates"
version = "3.1.3"
source = "registry+https://github.com/rust-lang/crates.io-index"
checksum = "a5d19ee57562043d37e82899fade9a22ebab7be9cef5026b07fda9cdd4293573"
dependencies = [
 "anstyle",
 "predicates-core",
]

[[package]]
name = "predicates-core"
version = "1.0.3"
source = "registry+https://github.com/rust-lang/crates.io-index"
checksum = "da1c2388b1513e1b605fcec39a95e0a9e8ef088f71443ef37099fa9ae6673fcb"

[[package]]
name = "predicates-tree"
version = "1.0.5"
source = "registry+https://github.com/rust-lang/crates.io-index"
checksum = "4d86de6de25020a36c6d3643a86d9a6a9f552107c0559c60ea03551b5e16c032"
dependencies = [
 "predicates-core",
 "termtree",
]

[[package]]
name = "proc-macro2"
version = "1.0.95"
source = "registry+https://github.com/rust-lang/crates.io-index"
checksum = "02b3e5e68a3a1a02aad3ec490a98007cbc13c37cbe84a3cd7b8e406d76e7f778"
dependencies = [
 "unicode-ident",
]

[[package]]
name = "quote"
version = "1.0.40"
source = "registry+https://github.com/rust-lang/crates.io-index"
checksum = "1885c039570dc00dcb4ff087a89e185fd56bae234ddc7f056a945bf36467248d"
dependencies = [
 "proc-macro2",
]

[[package]]
name = "spin"
version = "0.10.0"
source = "registry+https://github.com/rust-lang/crates.io-index"
checksum = "d5fe4ccb98d9c292d56fec89a5e07da7fc4cf0dc11e156b41793132775d3e591"

[[package]]
name = "stable_deref_trait"
version = "1.2.0"
source = "registry+https://github.com/rust-lang/crates.io-index"
checksum = "a8f112729512f8e442d81f95a8a7ddf2b7c6b8a1a6f509a95864142b30cab2d3"

[[package]]
name = "syn"
version = "2.0.104"
source = "registry+https://github.com/rust-lang/crates.io-index"
checksum = "17b6f705963418cdb9927482fa304bc562ece2fdd4f616084c50b7023b435a40"
dependencies = [
 "proc-macro2",
 "quote",
 "unicode-ident",
]

[[package]]
name = "termtree"
version = "0.2.4"
source = "registry+https://github.com/rust-lang/crates.io-index"
checksum = "507e9898683b6c43a9aa55b64259b721b52ba226e0f3779137e50ad114a4c90b"

[[package]]
name = "thiserror"
version = "2.0.12"
source = "registry+https://github.com/rust-lang/crates.io-index"
checksum = "567b8a2dae586314f7be2a752ec7474332959c6460e02bde30d702a66d488708"
dependencies = [
 "thiserror-impl",
]

[[package]]
name = "thiserror-impl"
version = "2.0.12"
source = "registry+https://github.com/rust-lang/crates.io-index"
checksum = "7f7cf42b4507d8ea322120659672cf1b9dbb93f8f2d4ecfd6e51350ff5b17a1d"
dependencies = [
 "proc-macro2",
 "quote",
 "syn",
]

[[package]]
name = "unicode-ident"
version = "1.0.18"
source = "registry+https://github.com/rust-lang/crates.io-index"
checksum = "5a5f39404a5da50712a4c1eecf25e90dd62b613502b7e925fd4e4d19b5c96512"

[[package]]
name = "zigbee"
version = "0.1.0-alpha.3"
dependencies = [
 "byte",
 "embedded-storage",
 "heapless",
 "mockall",
 "thiserror",
]

[[package]]
name = "zigbee-base-device-behavior"
version = "0.1.0-alpha.1"
dependencies = [
 "byte",
 "embedded-storage",
 "log",
 "mockall",
 "spin",
 "thiserror",
 "zigbee",
 "zigbee-base-device-behavior",
]

[[package]]
name = "zigbee-cluster-library"
version = "0.1.0-alpha.3"
dependencies = [
 "byte",
 "heapless",
 "zigbee",
]
